
Microsoft Visual Studio Solution File, Format Version 12.00
# Visual Studio Version 17
VisualStudioVersion = 17.13.35825.156 d17.13
MinimumVisualStudioVersion = 10.0.40219.1
Project("{FAE04EC0-301F-11D3-BF4B-00C04F79EFBC}") = "AuroCADPlugin_3", "AuroCADPlugin_3.csproj", "{8DEFDDEC-17BB-4FAE-895F-639BEEA74236}"
EndProject
Global
	GlobalSection(SolutionConfigurationPlatforms) = preSolution
		Debug|Any CPU = Debug|Any CPU
		Release|Any CPU = Release|Any CPU
	EndGlobalSection
	GlobalSection(ProjectConfigurationPlatforms) = postSolution
		{8DEFDDEC-17BB-4FAE-895F-639BEEA74236}.Debug|Any CPU.ActiveCfg = Debug|Any CPU
		{8DEFDDEC-17BB-4FAE-895F-639BEEA74236}.Debug|Any CPU.Build.0 = Debug|Any CPU
		{8DEFDDEC-17BB-4FAE-895F-639BEEA74236}.Release|Any CPU.ActiveCfg = Release|Any CPU
		{8DEFDDEC-17BB-4FAE-895F-639BEEA74236}.Release|Any CPU.Build.0 = Release|Any CPU
	EndGlobalSection
	GlobalSection(SolutionProperties) = preSolution
		HideSolutionNode = FALSE
	EndGlobalSection
	GlobalSection(ExtensibilityGlobals) = postSolution
		SolutionGuid = {3F57FF3B-EC18-4E89-85E5-8610BB6BD55B}
	EndGlobalSection
EndGlobal
